
Microsoft Visual Studio Solution File, Format Version 12.00
# Visual Studio 15
VisualStudioVersion = 15.0.27428.2037
MinimumVisualStudioVersion = 10.0.40219.1
Project("{8BC9CEB8-8B4A-11D0-8D11-00A0C91BC942}") = "SvyaznyiGraf", "SvyaznyiGraf\SvyaznyiGraf.vcxproj", "{A4FA3A11-1AD6-4E9F-8A96-3D66FE560F0F}"
EndProject
Global
	GlobalSection(SolutionConfigurationPlatforms) = preSolution
		Debug|x64 = Debug|x64
		Debug|x86 = Debug|x86
		Release|x64 = Release|x64
		Release|x86 = Release|x86
	EndGlobalSection
	GlobalSection(ProjectConfigurationPlatforms) = postSolution
		{A4FA3A11-1AD6-4E9F-8A96-3D66FE560F0F}.Debug|x64.ActiveCfg = Debug|x64
		{A4FA3A11-1AD6-4E9F-8A96-3D66FE560F0F}.Debug|x64.Build.0 = Debug|x64
		{A4FA3A11-1AD6-4E9F-8A96-3D66FE560F0F}.Debug|x86.ActiveCfg = Debug|Win32
		{A4FA3A11-1AD6-4E9F-8A96-3D66FE560F0F}.Debug|x86.Build.0 = Debug|Win32
		{A4FA3A11-1AD6-4E9F-8A96-3D66FE560F0F}.Release|x64.ActiveCfg = Release|x64
		{A4FA3A11-1AD6-4E9F-8A96-3D66FE560F0F}.Release|x64.Build.0 = Release|x64
		{A4FA3A11-1AD6-4E9F-8A96-3D66FE560F0F}.Release|x86.ActiveCfg = Release|Win32
		{A4FA3A11-1AD6-4E9F-8A96-3D66FE560F0F}.Release|x86.Build.0 = Release|Win32
	EndGlobalSection
	GlobalSection(SolutionProperties) = preSolution
		HideSolutionNode = FALSE
	EndGlobalSection
	GlobalSection(ExtensibilityGlobals) = postSolution
		SolutionGuid = {3E111399-C1AA-47DB-B6AA-33C55B7B17CC}
	EndGlobalSection
EndGlobal
