
Microsoft Visual Studio Solution File, Format Version 12.00
# Visual Studio 15
VisualStudioVersion = 15.0.27130.2027
MinimumVisualStudioVersion = 10.0.40219.1
Project("{8BC9CEB8-8B4A-11D0-8D11-00A0C91BC942}") = "Rr", "Rr\Rr.vcxproj", "{F7DF1106-C6B2-4244-8BD5-8C25392D8609}"
EndProject
Global
	GlobalSection(SolutionConfigurationPlatforms) = preSolution
		Debug|x64 = Debug|x64
		Debug|x86 = Debug|x86
		Release|x64 = Release|x64
		Release|x86 = Release|x86
	EndGlobalSection
	GlobalSection(ProjectConfigurationPlatforms) = postSolution
		{F7DF1106-C6B2-4244-8BD5-8C25392D8609}.Debug|x64.ActiveCfg = Debug|x64
		{F7DF1106-C6B2-4244-8BD5-8C25392D8609}.Debug|x64.Build.0 = Debug|x64
		{F7DF1106-C6B2-4244-8BD5-8C25392D8609}.Debug|x86.ActiveCfg = Debug|Win32
		{F7DF1106-C6B2-4244-8BD5-8C25392D8609}.Debug|x86.Build.0 = Debug|Win32
		{F7DF1106-C6B2-4244-8BD5-8C25392D8609}.Release|x64.ActiveCfg = Release|x64
		{F7DF1106-C6B2-4244-8BD5-8C25392D8609}.Release|x64.Build.0 = Release|x64
		{F7DF1106-C6B2-4244-8BD5-8C25392D8609}.Release|x86.ActiveCfg = Release|Win32
		{F7DF1106-C6B2-4244-8BD5-8C25392D8609}.Release|x86.Build.0 = Release|Win32
	EndGlobalSection
	GlobalSection(SolutionProperties) = preSolution
		HideSolutionNode = FALSE
	EndGlobalSection
	GlobalSection(ExtensibilityGlobals) = postSolution
		SolutionGuid = {602446A3-4F26-43F1-840A-5631D6949E64}
	EndGlobalSection
EndGlobal
